// !$*UTF8*$!
{
	archiveVersion = 1;
	classes = {
	};
	objectVersion = 50;
	objects = {

/* Begin PBXBuildFile section */
		60DB3B37256FE6B60021D8DF /* AppDelegate.swift in Sources */ = {isa = PBXBuildFile; fileRef = 60DB3B36256FE6B60021D8DF /* AppDelegate.swift */; };
		60DB3B39256FE6B60021D8DF /* SceneDelegate.swift in Sources */ = {isa = PBXBuildFile; fileRef = 60DB3B38256FE6B60021D8DF /* SceneDelegate.swift */; };
		60DB3B3B256FE6B60021D8DF /* ViewController.swift in Sources */ = {isa = PBXBuildFile; fileRef = 60DB3B3A256FE6B60021D8DF /* ViewController.swift */; };
		60DB3B3E256FE6B60021D8DF /* Main.storyboard in Resources */ = {isa = PBXBuildFile; fileRef = 60DB3B3C256FE6B60021D8DF /* Main.storyboard */; };
		60DB3B40256FE6B90021D8DF /* Assets.xcassets in Resources */ = {isa = PBXBuildFile; fileRef = 60DB3B3F256FE6B90021D8DF /* Assets.xcassets */; };
		60DB3B43256FE6B90021D8DF /* LaunchScreen.storyboard in Resources */ = {isa = PBXBuildFile; fileRef = 60DB3B41256FE6B90021D8DF /* LaunchScreen.storyboard */; };
/* End PBXBuildFile section */

/* Begin PBXFileReference section */
		60DB3B33256FE6B60021D8DF /* AdvancedTaskListApp.app */ = {isa = PBXFileReference; explicitFileType = wrapper.application; includeInIndex = 0; path = AdvancedTaskListApp.app; sourceTree = BUILT_PRODUCTS_DIR; };
		60DB3B36256FE6B60021D8DF /* AppDelegate.swift */ = {isa = PBXFileReference; lastKnownFileType = sourcecode.swift; path = AppDelegate.swift; sourceTree = "<group>"; };
		60DB3B38256FE6B60021D8DF /* SceneDelegate.swift */ = {isa = PBXFileReference; lastKnownFileType = sourcecode.swift; path = SceneDelegate.swift; sourceTree = "<group>"; };
		60DB3B3A256FE6B60021D8DF /* ViewController.swift */ = {isa = PBXFileReference; lastKnownFileType = sourcecode.swift; path = ViewController.swift; sourceTree = "<group>"; };
		60DB3B3D256FE6B60021D8DF /* Base */ = {isa = PBXFileReference; lastKnownFileType = file.storyboard; name = Base; path = Base.lproj/Main.storyboard; sourceTree = "<group>"; };
		60DB3B3F256FE6B90021D8DF /* Assets.xcassets */ = {isa = PBXFileReference; lastKnownFileType = folder.assetcatalog; path = Assets.xcassets; sourceTree = "<group>"; };
		60DB3B42256FE6B90021D8DF /* Base */ = {isa = PBXFileReference; lastKnownFileType = file.storyboard; name = Base; path = Base.lproj/LaunchScreen.storyboard; sourceTree = "<group>"; };
		60DB3B44256FE6B90021D8DF /* Info.plist */ = {isa = PBXFileReference; lastKnownFileType = text.plist.xml; path = Info.plist; sourceTree = "<group>"; };
/* End PBXFileReference section */

/* Begin PBXFrameworksBuildPhase section */
		60DB3B30256FE6B60021D8DF /* Frameworks */ = {
			isa = PBXFrameworksBuildPhase;
			buildActionMask = 2147483647;
			files = (
			);
			runOnlyForDeploymentPostprocessing = 0;
		};
/* End PBXFrameworksBuildPhase section */

/* Begin PBXGroup section */
		60DB3B2A256FE6B60021D8DF = {
			isa = PBXGroup;
			children = (
				60DB3B35256FE6B60021D8DF /* AdvancedTaskListApp */,
				60DB3B34256FE6B60021D8DF /* Products */,
			);
			sourceTree = "<group>";
		};
		60DB3B34256FE6B60021D8DF /* Products */ = {
			isa = PBXGroup;
			children = (
				60DB3B33256FE6B60021D8DF /* AdvancedTaskListApp.app */,
			);
			name = Products;
			sourceTree = "<group>";
		};
		60DB3B35256FE6B60021D8DF /* AdvancedTaskListApp */ = {
			isa = PBXGroup;
			children = (
				60DB3B36256FE6B60021D8DF /* AppDelegate.swift */,
				60DB3B38256FE6B60021D8DF /* SceneDelegate.swift */,
				60DB3B3A256FE6B60021D8DF /* ViewController.swift */,
				60DB3B3C256FE6B60021D8DF /* Main.storyboard */,
				60DB3B3F256FE6B90021D8DF /* Assets.xcassets */,
				60DB3B41256FE6B90021D8DF /* LaunchScreen.storyboard */,
				60DB3B44256FE6B90021D8DF /* Info.plist */,
			);
			path = AdvancedTaskListApp;
			sourceTree = "<group>";
		};
/* End PBXGroup section */

/* Begin PBXNativeTarget section */
		60DB3B32256FE6B60021D8DF /* AdvancedTaskListApp */ = {
			isa = PBXNativeTarget;
			buildConfigurationList = 60DB3B47256FE6B90021D8DF /* Build configuration list for PBXNativeTarget "AdvancedTaskListApp" */;
			buildPhases = (
				60DB3B2F256FE6B60021D8DF /* Sources */,
				60DB3B30256FE6B60021D8DF /* Frameworks */,
				60DB3B31256FE6B60021D8DF /* Resources */,
			);
			buildRules = (
			);
			dependencies = (
			);
			name = AdvancedTaskListApp;
			productName = AdvancedTaskListApp;
			productReference = 60DB3B33256FE6B60021D8DF /* AdvancedTaskListApp.app */;
			productType = "com.apple.product-type.application";
		};
/* End PBXNativeTarget section */

/* Begin PBXProject section */
		60DB3B2B256FE6B60021D8DF /* Project object */ = {
			isa = PBXProject;
			attributes = {
				LastSwiftUpdateCheck = 1220;
				LastUpgradeCheck = 1220;
				TargetAttributes = {
					60DB3B32256FE6B60021D8DF = {
						CreatedOnToolsVersion = 12.2;
					};
				};
			};
			buildConfigurationList = 60DB3B2E256FE6B60021D8DF /* Build configuration list for PBXProject "AdvancedTaskListApp" */;
			compatibilityVersion = "Xcode 9.3";
			developmentRegion = en;
			hasScannedForEncodings = 0;
			knownRegions = (
				en,
				Base,
			);
			mainGroup = 60DB3B2A256FE6B60021D8DF;
			productRefGroup = 60DB3B34256FE6B60021D8DF /* Products */;
			projectDirPath = "";
			projectRoot = "";
			targets = (
				60DB3B32256FE6B60021D8DF /* AdvancedTaskListApp */,
			);
		};
/* End PBXProject section */

/* Begin PBXResourcesBuildPhase section */
		60DB3B31256FE6B60021D8DF /* Resources */ = {
			isa = PBXResourcesBuildPhase;
			buildActionMask = 2147483647;
			files = (
				60DB3B43256FE6B90021D8DF /* LaunchScreen.storyboard in Resources */,
				60DB3B40256FE6B90021D8DF /* Assets.xcassets in Resources */,
				60DB3B3E256FE6B60021D8DF /* Main.storyboard in Resources */,
			);
			runOnlyForDeploymentPostprocessing = 0;
		};
/* End PBXResourcesBuildPhase section */

/* Begin PBXSourcesBuildPhase section */
		60DB3B2F256FE6B60021D8DF /* Sources */ = {
			isa = PBXSourcesBuildPhase;
			buildActionMask = 2147483647;
			files = (
				60DB3B3B256FE6B60021D8DF /* ViewController.swift in Sources */,
				60DB3B37256FE6B60021D8DF /* AppDelegate.swift in Sources */,
				60DB3B39256FE6B60021D8DF /* SceneDelegate.swift in Sources */,
			);
			runOnlyForDeploymentPostprocessing = 0;
		};
/* End PBXSourcesBuildPhase section */

/* Begin PBXVariantGroup section */
		60DB3B3C256FE6B60021D8DF /* Main.storyboard */ = {
			isa = PBXVariantGroup;
			children = (
				60DB3B3D256FE6B60021D8DF /* Base */,
			);
			name = Main.storyboard;
			sourceTree = "<group>";
		};
		60DB3B41256FE6B90021D8DF /* LaunchScreen.storyboard */ = {
			isa = PBXVariantGroup;
			children = (
				60DB3B42256FE6B90021D8DF /* Base */,
			);
			name = LaunchScreen.storyboard;
			sourceTree = "<group>";
		};
/* End PBXVariantGroup section */

/* Begin XCBuildConfiguration section */
		60DB3B45256FE6B90021D8DF /* Debug */ = {
			isa = XCBuildConfiguration;
			buildSettings = {
				ALWAYS_SEARCH_USER_PATHS = NO;
				CLANG_ANALYZER_NONNULL = YES;
				CLANG_ANALYZER_NUMBER_OBJECT_CONVERSION = YES_AGGRESSIVE;
				CLANG_CXX_LANGUAGE_STANDARD = "gnu++14";
				CLANG_CXX_LIBRARY = "libc++";
				CLANG_ENABLE_MODULES = YES;
				CLANG_ENABLE_OBJC_ARC = YES;
				CLANG_ENABLE_OBJC_WEAK = YES;
				CLANG_WARN_BLOCK_CAPTURE_AUTORELEASING = YES;
				CLANG_WARN_BOOL_CONVERSION = YES;
				CLANG_WARN_COMMA = YES;
				CLANG_WARN_CONSTANT_CONVERSION = YES;
				CLANG_WARN_DEPRECATED_OBJC_IMPLEMENTATIONS = YES;
				CLANG_WARN_DIRECT_OBJC_ISA_USAGE = YES_ERROR;
				CLANG_WARN_DOCUMENTATION_COMMENTS = YES;
				CLANG_WARN_EMPTY_BODY = YES;
				CLANG_WARN_ENUM_CONVERSION = YES;
				CLANG_WARN_INFINITE_RECURSION = YES;
				CLANG_WARN_INT_CONVERSION = YES;
				CLANG_WARN_NON_LITERAL_NULL_CONVERSION = YES;
				CLANG_WARN_OBJC_IMPLICIT_RETAIN_SELF = YES;
				CLANG_WARN_OBJC_LITERAL_CONVERSION = YES;
				CLANG_WARN_OBJC_ROOT_CLASS = YES_ERROR;
				CLANG_WARN_QUOTED_INCLUDE_IN_FRAMEWORK_HEADER = YES;
				CLANG_WARN_RANGE_LOOP_ANALYSIS = YES;
				CLANG_WARN_STRICT_PROTOTYPES = YES;
				CLANG_WARN_SUSPICIOUS_MOVE = YES;
				CLANG_WARN_UNGUARDED_AVAILABILITY = YES_AGGRESSIVE;
				CLANG_WARN_UNREACHABLE_CODE = YES;
				CLANG_WARN__DUPLICATE_METHOD_MATCH = YES;
				COPY_PHASE_STRIP = NO;
				DEBUG_INFORMATION_FORMAT = dwarf;
				ENABLE_STRICT_OBJC_MSGSEND = YES;
				ENABLE_TESTABILITY = YES;
				GCC_C_LANGUAGE_STANDARD = gnu11;
				GCC_DYNAMIC_NO_PIC = NO;
				GCC_NO_COMMON_BLOCKS = YES;
				GCC_OPTIMIZATION_LEVEL = 0;
				GCC_PREPROCESSOR_DEFINITIONS = (
					"DEBUG=1",
					"$(inherited)",
				);
				GCC_WARN_64_TO_32_BIT_CONVERSION = YES;
				GCC_WARN_ABOUT_RETURN_TYPE = YES_ERROR;
				GCC_WARN_UNDECLARED_SELECTOR = YES;
				GCC_WARN_UNINITIALIZED_AUTOS = YES_AGGRESSIVE;
				GCC_WARN_UNUSED_FUNCTION = YES;
				GCC_WARN_UNUSED_VARIABLE = YES;
				IPHONEOS_DEPLOYMENT_TARGET = 14.2;
				MTL_ENABLE_DEBUG_INFO = INCLUDE_SOURCE;
				MTL_FAST_MATH = YES;
				ONLY_ACTIVE_ARCH = YES;
				SDKROOT = iphoneos;
				SWIFT_ACTIVE_COMPILATION_CONDITIONS = DEBUG;
				SWIFT_OPTIMIZATION_LEVEL = "-Onone";
			};
			name = Debug;
		};
		60DB3B46256FE6B90021D8DF /* Release */ = {
			isa = XCBuildConfiguration;
			buildSettings = {
				ALWAYS_SEARCH_USER_PATHS = NO;
				CLANG_ANALYZER_NONNULL = YES;
				CLANG_ANALYZER_NUMBER_OBJECT_CONVERSION = YES_AGGRESSIVE;
				CLANG_CXX_LANGUAGE_STANDARD = "gnu++14";
				CLANG_CXX_LIBRARY = "libc++";
				CLANG_ENABLE_MODULES = YES;
				CLANG_ENABLE_OBJC_ARC = YES;
				CLANG_ENABLE_OBJC_WEAK = YES;
				CLANG_WARN_BLOCK_CAPTURE_AUTORELEASING = YES;
				CLANG_WARN_BOOL_CONVERSION = YES;
				CLANG_WARN_COMMA = YES;
				CLANG_WARN_CONSTANT_CONVERSION = YES;
				CLANG_WARN_DEPRECATED_OBJC_IMPLEMENTATIONS = YES;
				CLANG_WARN_DIRECT_OBJC_ISA_USAGE = YES_ERROR;
				CLANG_WARN_DOCUMENTATION_COMMENTS = YES;
				CLANG_WARN_EMPTY_BODY = YES;
				CLANG_WARN_ENUM_CONVERSION = YES;
				CLANG_WARN_INFINITE_RECURSION = YES;
				CLANG_WARN_INT_CONVERSION = YES;
				CLANG_WARN_NON_LITERAL_NULL_CONVERSION = YES;
				CLANG_WARN_OBJC_IMPLICIT_RETAIN_SELF = YES;
				CLANG_WARN_OBJC_LITERAL_CONVERSION = YES;
				CLANG_WARN_OBJC_ROOT_CLASS = YES_ERROR;
				CLANG_WARN_QUOTED_INCLUDE_IN_FRAMEWORK_HEADER = YES;
				CLANG_WARN_RANGE_LOOP_ANALYSIS = YES;
				CLANG_WARN_STRICT_PROTOTYPES = YES;
				CLANG_WARN_SUSPICIOUS_MOVE = YES;
				CLANG_WARN_UNGUARDED_AVAILABILITY = YES_AGGRESSIVE;
				CLANG_WARN_UNREACHABLE_CODE = YES;
				CLANG_WARN__DUPLICATE_METHOD_MATCH = YES;
				COPY_PHASE_STRIP = NO;
				DEBUG_INFORMATION_FORMAT = "dwarf-with-dsym";
				ENABLE_NS_ASSERTIONS = NO;
				ENABLE_STRICT_OBJC_MSGSEND = YES;
				GCC_C_LANGUAGE_STANDARD = gnu11;
				GCC_NO_COMMON_BLOCKS = YES;
				GCC_WARN_64_TO_32_BIT_CONVERSION = YES;
				GCC_WARN_ABOUT_RETURN_TYPE = YES_ERROR;
				GCC_WARN_UNDECLARED_SELECTOR = YES;
				GCC_WARN_UNINITIALIZED_AUTOS = YES_AGGRESSIVE;
				GCC_WARN_UNUSED_FUNCTION = YES;
				GCC_WARN_UNUSED_VARIABLE = YES;
				IPHONEOS_DEPLOYMENT_TARGET = 14.2;
				MTL_ENABLE_DEBUG_INFO = NO;
				MTL_FAST_MATH = YES;
				SDKROOT = iphoneos;
				SWIFT_COMPILATION_MODE = wholemodule;
				SWIFT_OPTIMIZATION_LEVEL = "-O";
				VALIDATE_PRODUCT = YES;
			};
			name = Release;
		};
		60DB3B48256FE6B90021D8DF /* Debug */ = {
			isa = XCBuildConfiguration;
			buildSettings = {
				ASSETCATALOG_COMPILER_APPICON_NAME = AppIcon;
				ASSETCATALOG_COMPILER_GLOBAL_ACCENT_COLOR_NAME = AccentColor;
				CODE_SIGN_STYLE = Automatic;
				INFOPLIST_FILE = AdvancedTaskListApp/Info.plist;
				LD_RUNPATH_SEARCH_PATHS = (
					"$(inherited)",
					"@executable_path/Frameworks",
				);
				PRODUCT_BUNDLE_IDENTIFIER = "ru.denis-khudoyarov.AdvancedTaskListApp";
				PRODUCT_NAME = "$(TARGET_NAME)";
				SWIFT_VERSION = 5.0;
				TARGETED_DEVICE_FAMILY = "1,2";
			};
			name = Debug;
		};
		60DB3B49256FE6B90021D8DF /* Release */ = {
			isa = XCBuildConfiguration;
			buildSettings = {
				ASSETCATALOG_COMPILER_APPICON_NAME = AppIcon;
				ASSETCATALOG_COMPILER_GLOBAL_ACCENT_COLOR_NAME = AccentColor;
				CODE_SIGN_STYLE = Automatic;
				INFOPLIST_FILE = AdvancedTaskListApp/Info.plist;
				LD_RUNPATH_SEARCH_PATHS = (
					"$(inherited)",
					"@executable_path/Frameworks",
				);
				PRODUCT_BUNDLE_IDENTIFIER = "ru.denis-khudoyarov.AdvancedTaskListApp";
				PRODUCT_NAME = "$(TARGET_NAME)";
				SWIFT_VERSION = 5.0;
				TARGETED_DEVICE_FAMILY = "1,2";
			};
			name = Release;
		};
/* End XCBuildConfiguration section */

/* Begin XCConfigurationList section */
		60DB3B2E256FE6B60021D8DF /* Build configuration list for PBXProject "AdvancedTaskListApp" */ = {
			isa = XCConfigurationList;
			buildConfigurations = (
				60DB3B45256FE6B90021D8DF /* Debug */,
				60DB3B46256FE6B90021D8DF /* Release */,
			);
			defaultConfigurationIsVisible = 0;
			defaultConfigurationName = Release;
		};
		60DB3B47256FE6B90021D8DF /* Build configuration list for PBXNativeTarget "AdvancedTaskListApp" */ = {
			isa = XCConfigurationList;
			buildConfigurations = (
				60DB3B48256FE6B90021D8DF /* Debug */,
				60DB3B49256FE6B90021D8DF /* Release */,
			);
			defaultConfigurationIsVisible = 0;
			defaultConfigurationName = Release;
		};
/* End XCConfigurationList section */
	};
	rootObject = 60DB3B2B256FE6B60021D8DF /* Project object */;
}
